
Microsoft Visual Studio Solution File, Format Version 12.00
# Visual Studio 2013
VisualStudioVersion = 12.0.21005.1
MinimumVisualStudioVersion = 10.0.40219.1
Project("{FAE04EC0-301F-11D3-BF4B-00C04F79EFBC}") = "prj_VideoLooper", "VideoLooper\prj_VideoLooper.csproj", "{BDF0E77A-C01E-4935-8004-6C2928528698}"
EndProject
Project("{54435603-DBB4-11D2-8724-00A0C9A8B90C}") = "Setup1", "Setup1\Setup1.vdproj", "{9335759C-C514-4E58-80AF-27FBC30A6ADC}"
EndProject
Global
	GlobalSection(SolutionConfigurationPlatforms) = preSolution
		Debug|Any CPU = Debug|Any CPU
		Release|Any CPU = Release|Any CPU
	EndGlobalSection
	GlobalSection(ProjectConfigurationPlatforms) = postSolution
		{BDF0E77A-C01E-4935-8004-6C2928528698}.Debug|Any CPU.ActiveCfg = Debug|Any CPU
		{BDF0E77A-C01E-4935-8004-6C2928528698}.Debug|Any CPU.Build.0 = Debug|Any CPU
		{BDF0E77A-C01E-4935-8004-6C2928528698}.Release|Any CPU.ActiveCfg = Release|Any CPU
		{BDF0E77A-C01E-4935-8004-6C2928528698}.Release|Any CPU.Build.0 = Release|Any CPU
		{9335759C-C514-4E58-80AF-27FBC30A6ADC}.Debug|Any CPU.ActiveCfg = Debug
		{9335759C-C514-4E58-80AF-27FBC30A6ADC}.Release|Any CPU.ActiveCfg = Release
	EndGlobalSection
	GlobalSection(SolutionProperties) = preSolution
		HideSolutionNode = FALSE
	EndGlobalSection
EndGlobal
